{
  "nodes": {
    "fenix": {
      "inputs": {
        "nixpkgs": [
          "nixpkgs"
        ],
        "rust-analyzer-src": "rust-analyzer-src"
      },
      "locked": {
        "lastModified": 1669875992,
        "narHash": "sha256-95+ZD+qOgOFq64ea6J0CI+USQF5Jygrs2p74SJ3swOM=",
        "owner": "nix-community",
        "repo": "fenix",
        "rev": "7f2986561d0f9f6a107d6d83f09e1455dd7f4bd8",
        "type": "github"
      },
      "original": {
        "owner": "nix-community",
        "repo": "fenix",
        "type": "github"
      }
    },
    "flake-utils": {
      "locked": {
        "lastModified": 1667395993,
        "narHash": "sha256-nuEHfE/LcWyuSWnS8t12N1wc105Qtau+/OdUAjtQ0rA=",
        "owner": "numtide",
        "repo": "flake-utils",
        "rev": "5aed5285a952e0b949eb3ba02c12fa4fcfef535f",
        "type": "github"
      },
      "original": {
        "owner": "numtide",
        "repo": "flake-utils",
        "type": "github"
      }
    },
    "kodidl": {
      "flake": false,
      "locked": {
        "lastModified": 1669743388,
        "narHash": "sha256-p3IHWMIuGUWDb/0rK0lvCScTZk3Oot+nAcxzvKMfMU8=",
        "owner": "marius851000",
        "repo": "kodi-dl",
        "rev": "9d963d9baf3db9c81898b2b18056058339fae1b3",
        "type": "github"
      },
      "original": {
        "owner": "marius851000",
        "repo": "kodi-dl",
        "type": "github"
      }
    },
    "nixpkgs": {
      "locked": {
        "lastModified": 1668530401,
        "narHash": "sha256-TWRxn4sNAl+c7wBTa0RTYzIMBnPLCqka8Xl7BAYGuCE=",
        "owner": "NixOS",
        "repo": "nixpkgs",
        "rev": "ea5dd5d6affb9d70071c09e8e18e6afbb15635a8",
        "type": "github"
      },
      "original": {
        "owner": "NixOS",
        "repo": "nixpkgs",
        "rev": "ea5dd5d6affb9d70071c09e8e18e6afbb15635a8",
        "type": "github"
      }
    },
    "root": {
      "inputs": {
        "fenix": "fenix",
        "flake-utils": "flake-utils",
        "kodidl": "kodidl",
        "nixpkgs": "nixpkgs"
      }
    },
    "rust-analyzer-src": {
      "flake": false,
      "locked": {
        "lastModified": 1669747020,
        "narHash": "sha256-kNfchCXcI4jcwBdU57f4ifdgPAvLKLJIHKUCiZVv+v0=",
        "owner": "rust-lang",
        "repo": "rust-analyzer",
        "rev": "398a71affb05aeeea1991044ec9ca1229e68f0f3",
        "type": "github"
      },
      "original": {
        "owner": "rust-lang",
        "ref": "nightly",
        "repo": "rust-analyzer",
        "type": "github"
      }
    }
  },
  "root": "root",
  "version": 7
}
